// !$*UTF8*$!
{
	archiveVersion = 1;
	classes = {
	};
	objectVersion = 46;
	objects = {

/* Begin PBXBuildFile section */
		6AF630C74AC2C553C563C144 /* Pods_ChatAppTests.framework in Frameworks */ = {isa = PBXBuildFile; fileRef = 7D06CEB451851F16AC96AC70 /* Pods_ChatAppTests.framework */; };
		7A094598B327B46E6887C897 /* Pods_ChatAppUITests.framework in Frameworks */ = {isa = PBXBuildFile; fileRef = 73D52F8FEE892D80871CFB4B /* Pods_ChatAppUITests.framework */; };
		826BE9D81E8E3C5E00EBD45A /* AppDelegate.swift in Sources */ = {isa = PBXBuildFile; fileRef = 826BE9D71E8E3C5E00EBD45A /* AppDelegate.swift */; };
		826BE9DA1E8E3C5E00EBD45A /* ViewController.swift in Sources */ = {isa = PBXBuildFile; fileRef = 826BE9D91E8E3C5E00EBD45A /* ViewController.swift */; };
		826BE9DD1E8E3C5E00EBD45A /* Main.storyboard in Resources */ = {isa = PBXBuildFile; fileRef = 826BE9DB1E8E3C5E00EBD45A /* Main.storyboard */; };
		826BE9DF1E8E3C5E00EBD45A /* Assets.xcassets in Resources */ = {isa = PBXBuildFile; fileRef = 826BE9DE1E8E3C5E00EBD45A /* Assets.xcassets */; };
		826BE9E21E8E3C5E00EBD45A /* LaunchScreen.storyboard in Resources */ = {isa = PBXBuildFile; fileRef = 826BE9E01E8E3C5E00EBD45A /* LaunchScreen.storyboard */; };
		826BE9ED1E8E3C5E00EBD45A /* ChatAppTests.swift in Sources */ = {isa = PBXBuildFile; fileRef = 826BE9EC1E8E3C5E00EBD45A /* ChatAppTests.swift */; };
		826BE9F81E8E3C5E00EBD45A /* ChatAppUITests.swift in Sources */ = {isa = PBXBuildFile; fileRef = 826BE9F71E8E3C5E00EBD45A /* ChatAppUITests.swift */; };
		F62ADA85A9B9089FE571DA1A /* Pods_ChatApp.framework in Frameworks */ = {isa = PBXBuildFile; fileRef = B66477CC1AD966C7DC5AF408 /* Pods_ChatApp.framework */; };
/* End PBXBuildFile section */

/* Begin PBXContainerItemProxy section */
		826BE9E91E8E3C5E00EBD45A /* PBXContainerItemProxy */ = {
			isa = PBXContainerItemProxy;
			containerPortal = 826BE9CC1E8E3C5E00EBD45A /* Project object */;
			proxyType = 1;
			remoteGlobalIDString = 826BE9D31E8E3C5E00EBD45A;
			remoteInfo = ChatApp;
		};
		826BE9F41E8E3C5E00EBD45A /* PBXContainerItemProxy */ = {
			isa = PBXContainerItemProxy;
			containerPortal = 826BE9CC1E8E3C5E00EBD45A /* Project object */;
			proxyType = 1;
			remoteGlobalIDString = 826BE9D31E8E3C5E00EBD45A;
			remoteInfo = ChatApp;
		};
/* End PBXContainerItemProxy section */

/* Begin PBXFileReference section */
		2CA9FD805F13DC0C7409F9DC /* Pods-ChatApp.debug.xcconfig */ = {isa = PBXFileReference; includeInIndex = 1; lastKnownFileType = text.xcconfig; name = "Pods-ChatApp.debug.xcconfig"; path = "Pods/Target Support Files/Pods-ChatApp/Pods-ChatApp.debug.xcconfig"; sourceTree = "<group>"; };
		56C73A5659210FB1EE142F38 /* Pods-ChatApp.release.xcconfig */ = {isa = PBXFileReference; includeInIndex = 1; lastKnownFileType = text.xcconfig; name = "Pods-ChatApp.release.xcconfig"; path = "Pods/Target Support Files/Pods-ChatApp/Pods-ChatApp.release.xcconfig"; sourceTree = "<group>"; };
		73D52F8FEE892D80871CFB4B /* Pods_ChatAppUITests.framework */ = {isa = PBXFileReference; explicitFileType = wrapper.framework; includeInIndex = 0; path = Pods_ChatAppUITests.framework; sourceTree = BUILT_PRODUCTS_DIR; };
		7D06CEB451851F16AC96AC70 /* Pods_ChatAppTests.framework */ = {isa = PBXFileReference; explicitFileType = wrapper.framework; includeInIndex = 0; path = Pods_ChatAppTests.framework; sourceTree = BUILT_PRODUCTS_DIR; };
		826BE9D41E8E3C5E00EBD45A /* ChatApp.app */ = {isa = PBXFileReference; explicitFileType = wrapper.application; includeInIndex = 0; path = ChatApp.app; sourceTree = BUILT_PRODUCTS_DIR; };
		826BE9D71E8E3C5E00EBD45A /* AppDelegate.swift */ = {isa = PBXFileReference; lastKnownFileType = sourcecode.swift; path = AppDelegate.swift; sourceTree = "<group>"; };
		826BE9D91E8E3C5E00EBD45A /* ViewController.swift */ = {isa = PBXFileReference; lastKnownFileType = sourcecode.swift; path = ViewController.swift; sourceTree = "<group>"; };
		826BE9DC1E8E3C5E00EBD45A /* Base */ = {isa = PBXFileReference; lastKnownFileType = file.storyboard; name = Base; path = Base.lproj/Main.storyboard; sourceTree = "<group>"; };
		826BE9DE1E8E3C5E00EBD45A /* Assets.xcassets */ = {isa = PBXFileReference; lastKnownFileType = folder.assetcatalog; path = Assets.xcassets; sourceTree = "<group>"; };
		826BE9E11E8E3C5E00EBD45A /* Base */ = {isa = PBXFileReference; lastKnownFileType = file.storyboard; name = Base; path = Base.lproj/LaunchScreen.storyboard; sourceTree = "<group>"; };
		826BE9E31E8E3C5E00EBD45A /* Info.plist */ = {isa = PBXFileReference; lastKnownFileType = text.plist.xml; path = Info.plist; sourceTree = "<group>"; };
		826BE9E81E8E3C5E00EBD45A /* ChatAppTests.xctest */ = {isa = PBXFileReference; explicitFileType = wrapper.cfbundle; includeInIndex = 0; path = ChatAppTests.xctest; sourceTree = BUILT_PRODUCTS_DIR; };
		826BE9EC1E8E3C5E00EBD45A /* ChatAppTests.swift */ = {isa = PBXFileReference; lastKnownFileType = sourcecode.swift; path = ChatAppTests.swift; sourceTree = "<group>"; };
		826BE9EE1E8E3C5E00EBD45A /* Info.plist */ = {isa = PBXFileReference; lastKnownFileType = text.plist.xml; path = Info.plist; sourceTree = "<group>"; };
		826BE9F31E8E3C5E00EBD45A /* ChatAppUITests.xctest */ = {isa = PBXFileReference; explicitFileType = wrapper.cfbundle; includeInIndex = 0; path = ChatAppUITests.xctest; sourceTree = BUILT_PRODUCTS_DIR; };
		826BE9F71E8E3C5E00EBD45A /* ChatAppUITests.swift */ = {isa = PBXFileReference; lastKnownFileType = sourcecode.swift; path = ChatAppUITests.swift; sourceTree = "<group>"; };
		826BE9F91E8E3C5E00EBD45A /* Info.plist */ = {isa = PBXFileReference; lastKnownFileType = text.plist.xml; path = Info.plist; sourceTree = "<group>"; };
		9E4D3BFA872E705D742D046C /* Pods-ChatAppUITests.release.xcconfig */ = {isa = PBXFileReference; includeInIndex = 1; lastKnownFileType = text.xcconfig; name = "Pods-ChatAppUITests.release.xcconfig"; path = "Pods/Target Support Files/Pods-ChatAppUITests/Pods-ChatAppUITests.release.xcconfig"; sourceTree = "<group>"; };
		B66477CC1AD966C7DC5AF408 /* Pods_ChatApp.framework */ = {isa = PBXFileReference; explicitFileType = wrapper.framework; includeInIndex = 0; path = Pods_ChatApp.framework; sourceTree = BUILT_PRODUCTS_DIR; };
		CBAD263876C223B73DA30821 /* Pods-ChatAppTests.release.xcconfig */ = {isa = PBXFileReference; includeInIndex = 1; lastKnownFileType = text.xcconfig; name = "Pods-ChatAppTests.release.xcconfig"; path = "Pods/Target Support Files/Pods-ChatAppTests/Pods-ChatAppTests.release.xcconfig"; sourceTree = "<group>"; };
		E0C99B4F71A2D32B7709717D /* Pods-ChatAppTests.debug.xcconfig */ = {isa = PBXFileReference; includeInIndex = 1; lastKnownFileType = text.xcconfig; name = "Pods-ChatAppTests.debug.xcconfig"; path = "Pods/Target Support Files/Pods-ChatAppTests/Pods-ChatAppTests.debug.xcconfig"; sourceTree = "<group>"; };
		F05AA8404FDDD167CCDC0EBC /* Pods-ChatAppUITests.debug.xcconfig */ = {isa = PBXFileReference; includeInIndex = 1; lastKnownFileType = text.xcconfig; name = "Pods-ChatAppUITests.debug.xcconfig"; path = "Pods/Target Support Files/Pods-ChatAppUITests/Pods-ChatAppUITests.debug.xcconfig"; sourceTree = "<group>"; };
/* End PBXFileReference section */

/* Begin PBXFrameworksBuildPhase section */
		826BE9D11E8E3C5E00EBD45A /* Frameworks */ = {
			isa = PBXFrameworksBuildPhase;
			buildActionMask = 2147483647;
			files = (
				F62ADA85A9B9089FE571DA1A /* Pods_ChatApp.framework in Frameworks */,
			);
			runOnlyForDeploymentPostprocessing = 0;
		};
		826BE9E51E8E3C5E00EBD45A /* Frameworks */ = {
			isa = PBXFrameworksBuildPhase;
			buildActionMask = 2147483647;
			files = (
				6AF630C74AC2C553C563C144 /* Pods_ChatAppTests.framework in Frameworks */,
			);
			runOnlyForDeploymentPostprocessing = 0;
		};
		826BE9F01E8E3C5E00EBD45A /* Frameworks */ = {
			isa = PBXFrameworksBuildPhase;
			buildActionMask = 2147483647;
			files = (
				7A094598B327B46E6887C897 /* Pods_ChatAppUITests.framework in Frameworks */,
			);
			runOnlyForDeploymentPostprocessing = 0;
		};
/* End PBXFrameworksBuildPhase section */

/* Begin PBXGroup section */
		826BE9CB1E8E3C5E00EBD45A = {
			isa = PBXGroup;
			children = (
				826BE9D61E8E3C5E00EBD45A /* ChatApp */,
				826BE9EB1E8E3C5E00EBD45A /* ChatAppTests */,
				826BE9F61E8E3C5E00EBD45A /* ChatAppUITests */,
				826BE9D51E8E3C5E00EBD45A /* Products */,
				AE981AA9BC0806C45DDE2EA0 /* Pods */,
				D7E81DEBA1C356A8F074200C /* Frameworks */,
			);
			sourceTree = "<group>";
		};
		826BE9D51E8E3C5E00EBD45A /* Products */ = {
			isa = PBXGroup;
			children = (
				826BE9D41E8E3C5E00EBD45A /* ChatApp.app */,
				826BE9E81E8E3C5E00EBD45A /* ChatAppTests.xctest */,
				826BE9F31E8E3C5E00EBD45A /* ChatAppUITests.xctest */,
			);
			name = Products;
			sourceTree = "<group>";
		};
		826BE9D61E8E3C5E00EBD45A /* ChatApp */ = {
			isa = PBXGroup;
			children = (
				826BE9D71E8E3C5E00EBD45A /* AppDelegate.swift */,
				826BE9D91E8E3C5E00EBD45A /* ViewController.swift */,
				826BE9DB1E8E3C5E00EBD45A /* Main.storyboard */,
				826BE9DE1E8E3C5E00EBD45A /* Assets.xcassets */,
				826BE9E01E8E3C5E00EBD45A /* LaunchScreen.storyboard */,
				826BE9E31E8E3C5E00EBD45A /* Info.plist */,
			);
			path = ChatApp;
			sourceTree = "<group>";
		};
		826BE9EB1E8E3C5E00EBD45A /* ChatAppTests */ = {
			isa = PBXGroup;
			children = (
				826BE9EC1E8E3C5E00EBD45A /* ChatAppTests.swift */,
				826BE9EE1E8E3C5E00EBD45A /* Info.plist */,
			);
			path = ChatAppTests;
			sourceTree = "<group>";
		};
		826BE9F61E8E3C5E00EBD45A /* ChatAppUITests */ = {
			isa = PBXGroup;
			children = (
				826BE9F71E8E3C5E00EBD45A /* ChatAppUITests.swift */,
				826BE9F91E8E3C5E00EBD45A /* Info.plist */,
			);
			path = ChatAppUITests;
			sourceTree = "<group>";
		};
		AE981AA9BC0806C45DDE2EA0 /* Pods */ = {
			isa = PBXGroup;
			children = (
				2CA9FD805F13DC0C7409F9DC /* Pods-ChatApp.debug.xcconfig */,
				56C73A5659210FB1EE142F38 /* Pods-ChatApp.release.xcconfig */,
				E0C99B4F71A2D32B7709717D /* Pods-ChatAppTests.debug.xcconfig */,
				CBAD263876C223B73DA30821 /* Pods-ChatAppTests.release.xcconfig */,
				F05AA8404FDDD167CCDC0EBC /* Pods-ChatAppUITests.debug.xcconfig */,
				9E4D3BFA872E705D742D046C /* Pods-ChatAppUITests.release.xcconfig */,
			);
			name = Pods;
			sourceTree = "<group>";
		};
		D7E81DEBA1C356A8F074200C /* Frameworks */ = {
			isa = PBXGroup;
			children = (
				B66477CC1AD966C7DC5AF408 /* Pods_ChatApp.framework */,
				7D06CEB451851F16AC96AC70 /* Pods_ChatAppTests.framework */,
				73D52F8FEE892D80871CFB4B /* Pods_ChatAppUITests.framework */,
			);
			name = Frameworks;
			sourceTree = "<group>";
		};
/* End PBXGroup section */

/* Begin PBXNativeTarget section */
		826BE9D31E8E3C5E00EBD45A /* ChatApp */ = {
			isa = PBXNativeTarget;
			buildConfigurationList = 826BE9FC1E8E3C5E00EBD45A /* Build configuration list for PBXNativeTarget "ChatApp" */;
			buildPhases = (
				7D4C942C1E9D15142BED5B6C /* [CP] Check Pods Manifest.lock */,
				826BE9D01E8E3C5E00EBD45A /* Sources */,
				826BE9D11E8E3C5E00EBD45A /* Frameworks */,
				826BE9D21E8E3C5E00EBD45A /* Resources */,
				29391D82A86552E35220D80D /* [CP] Embed Pods Frameworks */,
				0A1C0FF32C85099A5667DCBF /* [CP] Copy Pods Resources */,
			);
			buildRules = (
			);
			dependencies = (
			);
			name = ChatApp;
			productName = ChatApp;
			productReference = 826BE9D41E8E3C5E00EBD45A /* ChatApp.app */;
			productType = "com.apple.product-type.application";
		};
		826BE9E71E8E3C5E00EBD45A /* ChatAppTests */ = {
			isa = PBXNativeTarget;
			buildConfigurationList = 826BE9FF1E8E3C5E00EBD45A /* Build configuration list for PBXNativeTarget "ChatAppTests" */;
			buildPhases = (
				582BA20BE8582A1ADC7DF4B7 /* [CP] Check Pods Manifest.lock */,
				826BE9E41E8E3C5E00EBD45A /* Sources */,
				826BE9E51E8E3C5E00EBD45A /* Frameworks */,
				826BE9E61E8E3C5E00EBD45A /* Resources */,
				67DF3C9BB940E01CD9E9134B /* [CP] Embed Pods Frameworks */,
				6C0304FC17EDA7191F8F9C50 /* [CP] Copy Pods Resources */,
			);
			buildRules = (
			);
			dependencies = (
				826BE9EA1E8E3C5E00EBD45A /* PBXTargetDependency */,
			);
			name = ChatAppTests;
			productName = ChatAppTests;
			productReference = 826BE9E81E8E3C5E00EBD45A /* ChatAppTests.xctest */;
			productType = "com.apple.product-type.bundle.unit-test";
		};
		826BE9F21E8E3C5E00EBD45A /* ChatAppUITests */ = {
			isa = PBXNativeTarget;
			buildConfigurationList = 826BEA021E8E3C5E00EBD45A /* Build configuration list for PBXNativeTarget "ChatAppUITests" */;
			buildPhases = (
				C964127B15E3A48E45325785 /* [CP] Check Pods Manifest.lock */,
				826BE9EF1E8E3C5E00EBD45A /* Sources */,
				826BE9F01E8E3C5E00EBD45A /* Frameworks */,
				826BE9F11E8E3C5E00EBD45A /* Resources */,
				C08DF7585894A39D55961168 /* [CP] Copy Pods Resources */,
			);
			buildRules = (
			);
			dependencies = (
				826BE9F51E8E3C5E00EBD45A /* PBXTargetDependency */,
			);
			name = ChatAppUITests;
			productName = ChatAppUITests;
			productReference = 826BE9F31E8E3C5E00EBD45A /* ChatAppUITests.xctest */;
			productType = "com.apple.product-type.bundle.ui-testing";
		};
/* End PBXNativeTarget section */

/* Begin PBXProject section */
		826BE9CC1E8E3C5E00EBD45A /* Project object */ = {
			isa = PBXProject;
			attributes = {
				LastSwiftUpdateCheck = 0800;
				LastUpgradeCheck = 0800;
				ORGANIZATIONNAME = "Photon Interactive";
				TargetAttributes = {
					826BE9D31E8E3C5E00EBD45A = {
						CreatedOnToolsVersion = 8.0;
						DevelopmentTeam = HUF2QHK4ME;
						LastSwiftMigration = 0800;
						ProvisioningStyle = Automatic;
					};
					826BE9E71E8E3C5E00EBD45A = {
						CreatedOnToolsVersion = 8.0;
						DevelopmentTeam = HUF2QHK4ME;
						LastSwiftMigration = 0800;
						ProvisioningStyle = Automatic;
						TestTargetID = 826BE9D31E8E3C5E00EBD45A;
					};
					826BE9F21E8E3C5E00EBD45A = {
						CreatedOnToolsVersion = 8.0;
						DevelopmentTeam = HUF2QHK4ME;
						LastSwiftMigration = 0800;
						ProvisioningStyle = Automatic;
						TestTargetID = 826BE9D31E8E3C5E00EBD45A;
					};
				};
			};
			buildConfigurationList = 826BE9CF1E8E3C5E00EBD45A /* Build configuration list for PBXProject "ChatApp" */;
			compatibilityVersion = "Xcode 3.2";
			developmentRegion = English;
			hasScannedForEncodings = 0;
			knownRegions = (
				en,
				Base,
			);
			mainGroup = 826BE9CB1E8E3C5E00EBD45A;
			productRefGroup = 826BE9D51E8E3C5E00EBD45A /* Products */;
			projectDirPath = "";
			projectRoot = "";
			targets = (
				826BE9D31E8E3C5E00EBD45A /* ChatApp */,
				826BE9E71E8E3C5E00EBD45A /* ChatAppTests */,
				826BE9F21E8E3C5E00EBD45A /* ChatAppUITests */,
			);
		};
/* End PBXProject section */

/* Begin PBXResourcesBuildPhase section */
		826BE9D21E8E3C5E00EBD45A /* Resources */ = {
			isa = PBXResourcesBuildPhase;
			buildActionMask = 2147483647;
			files = (
				826BE9E21E8E3C5E00EBD45A /* LaunchScreen.storyboard in Resources */,
				826BE9DF1E8E3C5E00EBD45A /* Assets.xcassets in Resources */,
				826BE9DD1E8E3C5E00EBD45A /* Main.storyboard in Resources */,
			);
			runOnlyForDeploymentPostprocessing = 0;
		};
		826BE9E61E8E3C5E00EBD45A /* Resources */ = {
			isa = PBXResourcesBuildPhase;
			buildActionMask = 2147483647;
			files = (
			);
			runOnlyForDeploymentPostprocessing = 0;
		};
		826BE9F11E8E3C5E00EBD45A /* Resources */ = {
			isa = PBXResourcesBuildPhase;
			buildActionMask = 2147483647;
			files = (
			);
			runOnlyForDeploymentPostprocessing = 0;
		};
/* End PBXResourcesBuildPhase section */

/* Begin PBXShellScriptBuildPhase section */
		0A1C0FF32C85099A5667DCBF /* [CP] Copy Pods Resources */ = {
			isa = PBXShellScriptBuildPhase;
			buildActionMask = 2147483647;
			files = (
			);
			inputPaths = (
			);
			name = "[CP] Copy Pods Resources";
			outputPaths = (
			);
			runOnlyForDeploymentPostprocessing = 0;
			shellPath = /bin/sh;
			shellScript = "\"${SRCROOT}/Pods/Target Support Files/Pods-ChatApp/Pods-ChatApp-resources.sh\"\n";
			showEnvVarsInLog = 0;
		};
		29391D82A86552E35220D80D /* [CP] Embed Pods Frameworks */ = {
			isa = PBXShellScriptBuildPhase;
			buildActionMask = 2147483647;
			files = (
			);
			inputPaths = (
			);
			name = "[CP] Embed Pods Frameworks";
			outputPaths = (
			);
			runOnlyForDeploymentPostprocessing = 0;
			shellPath = /bin/sh;
			shellScript = "\"${SRCROOT}/Pods/Target Support Files/Pods-ChatApp/Pods-ChatApp-frameworks.sh\"\n";
			showEnvVarsInLog = 0;
		};
		582BA20BE8582A1ADC7DF4B7 /* [CP] Check Pods Manifest.lock */ = {
			isa = PBXShellScriptBuildPhase;
			buildActionMask = 2147483647;
			files = (
			);
			inputPaths = (
			);
			name = "[CP] Check Pods Manifest.lock";
			outputPaths = (
			);
			runOnlyForDeploymentPostprocessing = 0;
			shellPath = /bin/sh;
			shellScript = "diff \"${PODS_ROOT}/../Podfile.lock\" \"${PODS_ROOT}/Manifest.lock\" > /dev/null\nif [[ $? != 0 ]] ; then\n    cat << EOM\nerror: The sandbox is not in sync with the Podfile.lock. Run 'pod install' or update your CocoaPods installation.\nEOM\n    exit 1\nfi\n";
			showEnvVarsInLog = 0;
		};
		67DF3C9BB940E01CD9E9134B /* [CP] Embed Pods Frameworks */ = {
			isa = PBXShellScriptBuildPhase;
			buildActionMask = 2147483647;
			files = (
			);
			inputPaths = (
			);
			name = "[CP] Embed Pods Frameworks";
			outputPaths = (
			);
			runOnlyForDeploymentPostprocessing = 0;
			shellPath = /bin/sh;
			shellScript = "\"${SRCROOT}/Pods/Target Support Files/Pods-ChatAppTests/Pods-ChatAppTests-frameworks.sh\"\n";
			showEnvVarsInLog = 0;
		};
		6C0304FC17EDA7191F8F9C50 /* [CP] Copy Pods Resources */ = {
			isa = PBXShellScriptBuildPhase;
			buildActionMask = 2147483647;
			files = (
			);
			inputPaths = (
			);
			name = "[CP] Copy Pods Resources";
			outputPaths = (
			);
			runOnlyForDeploymentPostprocessing = 0;
			shellPath = /bin/sh;
			shellScript = "\"${SRCROOT}/Pods/Target Support Files/Pods-ChatAppTests/Pods-ChatAppTests-resources.sh\"\n";
			showEnvVarsInLog = 0;
		};
		7D4C942C1E9D15142BED5B6C /* [CP] Check Pods Manifest.lock */ = {
			isa = PBXShellScriptBuildPhase;
			buildActionMask = 2147483647;
			files = (
			);
			inputPaths = (
			);
			name = "[CP] Check Pods Manifest.lock";
			outputPaths = (
			);
			runOnlyForDeploymentPostprocessing = 0;
			shellPath = /bin/sh;
			shellScript = "diff \"${PODS_ROOT}/../Podfile.lock\" \"${PODS_ROOT}/Manifest.lock\" > /dev/null\nif [[ $? != 0 ]] ; then\n    cat << EOM\nerror: The sandbox is not in sync with the Podfile.lock. Run 'pod install' or update your CocoaPods installation.\nEOM\n    exit 1\nfi\n";
			showEnvVarsInLog = 0;
		};
		C08DF7585894A39D55961168 /* [CP] Copy Pods Resources */ = {
			isa = PBXShellScriptBuildPhase;
			buildActionMask = 2147483647;
			files = (
			);
			inputPaths = (
			);
			name = "[CP] Copy Pods Resources";
			outputPaths = (
			);
			runOnlyForDeploymentPostprocessing = 0;
			shellPath = /bin/sh;
			shellScript = "\"${SRCROOT}/Pods/Target Support Files/Pods-ChatAppUITests/Pods-ChatAppUITests-resources.sh\"\n";
			showEnvVarsInLog = 0;
		};
		C964127B15E3A48E45325785 /* [CP] Check Pods Manifest.lock */ = {
			isa = PBXShellScriptBuildPhase;
			buildActionMask = 2147483647;
			files = (
			);
			inputPaths = (
			);
			name = "[CP] Check Pods Manifest.lock";
			outputPaths = (
			);
			runOnlyForDeploymentPostprocessing = 0;
			shellPath = /bin/sh;
			shellScript = "diff \"${PODS_ROOT}/../Podfile.lock\" \"${PODS_ROOT}/Manifest.lock\" > /dev/null\nif [[ $? != 0 ]] ; then\n    cat << EOM\nerror: The sandbox is not in sync with the Podfile.lock. Run 'pod install' or update your CocoaPods installation.\nEOM\n    exit 1\nfi\n";
			showEnvVarsInLog = 0;
		};
/* End PBXShellScriptBuildPhase section */

/* Begin PBXSourcesBuildPhase section */
		826BE9D01E8E3C5E00EBD45A /* Sources */ = {
			isa = PBXSourcesBuildPhase;
			buildActionMask = 2147483647;
			files = (
				826BE9DA1E8E3C5E00EBD45A /* ViewController.swift in Sources */,
				826BE9D81E8E3C5E00EBD45A /* AppDelegate.swift in Sources */,
			);
			runOnlyForDeploymentPostprocessing = 0;
		};
		826BE9E41E8E3C5E00EBD45A /* Sources */ = {
			isa = PBXSourcesBuildPhase;
			buildActionMask = 2147483647;
			files = (
				826BE9ED1E8E3C5E00EBD45A /* ChatAppTests.swift in Sources */,
			);
			runOnlyForDeploymentPostprocessing = 0;
		};
		826BE9EF1E8E3C5E00EBD45A /* Sources */ = {
			isa = PBXSourcesBuildPhase;
			buildActionMask = 2147483647;
			files = (
				826BE9F81E8E3C5E00EBD45A /* ChatAppUITests.swift in Sources */,
			);
			runOnlyForDeploymentPostprocessing = 0;
		};
/* End PBXSourcesBuildPhase section */

/* Begin PBXTargetDependency section */
		826BE9EA1E8E3C5E00EBD45A /* PBXTargetDependency */ = {
			isa = PBXTargetDependency;
			target = 826BE9D31E8E3C5E00EBD45A /* ChatApp */;
			targetProxy = 826BE9E91E8E3C5E00EBD45A /* PBXContainerItemProxy */;
		};
		826BE9F51E8E3C5E00EBD45A /* PBXTargetDependency */ = {
			isa = PBXTargetDependency;
			target = 826BE9D31E8E3C5E00EBD45A /* ChatApp */;
			targetProxy = 826BE9F41E8E3C5E00EBD45A /* PBXContainerItemProxy */;
		};
/* End PBXTargetDependency section */

/* Begin PBXVariantGroup section */
		826BE9DB1E8E3C5E00EBD45A /* Main.storyboard */ = {
			isa = PBXVariantGroup;
			children = (
				826BE9DC1E8E3C5E00EBD45A /* Base */,
			);
			name = Main.storyboard;
			sourceTree = "<group>";
		};
		826BE9E01E8E3C5E00EBD45A /* LaunchScreen.storyboard */ = {
			isa = PBXVariantGroup;
			children = (
				826BE9E11E8E3C5E00EBD45A /* Base */,
			);
			name = LaunchScreen.storyboard;
			sourceTree = "<group>";
		};
/* End PBXVariantGroup section */

/* Begin XCBuildConfiguration section */
		826BE9FA1E8E3C5E00EBD45A /* Debug */ = {
			isa = XCBuildConfiguration;
			buildSettings = {
				ALWAYS_SEARCH_USER_PATHS = NO;
				CLANG_ANALYZER_NONNULL = YES;
				CLANG_CXX_LANGUAGE_STANDARD = "gnu++0x";
				CLANG_CXX_LIBRARY = "libc++";
				CLANG_ENABLE_MODULES = YES;
				CLANG_ENABLE_OBJC_ARC = YES;
				CLANG_WARN_BOOL_CONVERSION = YES;
				CLANG_WARN_CONSTANT_CONVERSION = YES;
				CLANG_WARN_DIRECT_OBJC_ISA_USAGE = YES_ERROR;
				CLANG_WARN_DOCUMENTATION_COMMENTS = YES;
				CLANG_WARN_EMPTY_BODY = YES;
				CLANG_WARN_ENUM_CONVERSION = YES;
				CLANG_WARN_INFINITE_RECURSION = YES;
				CLANG_WARN_INT_CONVERSION = YES;
				CLANG_WARN_OBJC_ROOT_CLASS = YES_ERROR;
				CLANG_WARN_SUSPICIOUS_MOVE = YES;
				CLANG_WARN_SUSPICIOUS_MOVES = YES;
				CLANG_WARN_UNREACHABLE_CODE = YES;
				CLANG_WARN__DUPLICATE_METHOD_MATCH = YES;
				"CODE_SIGN_IDENTITY[sdk=iphoneos*]" = "iPhone Developer";
				COPY_PHASE_STRIP = NO;
				DEBUG_INFORMATION_FORMAT = dwarf;
				ENABLE_STRICT_OBJC_MSGSEND = YES;
				ENABLE_TESTABILITY = YES;
				GCC_C_LANGUAGE_STANDARD = gnu99;
				GCC_DYNAMIC_NO_PIC = NO;
				GCC_NO_COMMON_BLOCKS = YES;
				GCC_OPTIMIZATION_LEVEL = 0;
				GCC_PREPROCESSOR_DEFINITIONS = (
					"DEBUG=1",
					"$(inherited)",
				);
				GCC_WARN_64_TO_32_BIT_CONVERSION = YES;
				GCC_WARN_ABOUT_RETURN_TYPE = YES_ERROR;
				GCC_WARN_UNDECLARED_SELECTOR = YES;
				GCC_WARN_UNINITIALIZED_AUTOS = YES_AGGRESSIVE;
				GCC_WARN_UNUSED_FUNCTION = YES;
				GCC_WARN_UNUSED_VARIABLE = YES;
				IPHONEOS_DEPLOYMENT_TARGET = 10.0;
				MTL_ENABLE_DEBUG_INFO = YES;
				ONLY_ACTIVE_ARCH = YES;
				SDKROOT = iphoneos;
				SWIFT_ACTIVE_COMPILATION_CONDITIONS = DEBUG;
				SWIFT_OPTIMIZATION_LEVEL = "-Onone";
			};
			name = Debug;
		};
		826BE9FB1E8E3C5E00EBD45A /* Release */ = {
			isa = XCBuildConfiguration;
			buildSettings = {
				ALWAYS_SEARCH_USER_PATHS = NO;
				CLANG_ANALYZER_NONNULL = YES;
				CLANG_CXX_LANGUAGE_STANDARD = "gnu++0x";
				CLANG_CXX_LIBRARY = "libc++";
				CLANG_ENABLE_MODULES = YES;
				CLANG_ENABLE_OBJC_ARC = YES;
				CLANG_WARN_BOOL_CONVERSION = YES;
				CLANG_WARN_CONSTANT_CONVERSION = YES;
				CLANG_WARN_DIRECT_OBJC_ISA_USAGE = YES_ERROR;
				CLANG_WARN_DOCUMENTATION_COMMENTS = YES;
				CLANG_WARN_EMPTY_BODY = YES;
				CLANG_WARN_ENUM_CONVERSION = YES;
				CLANG_WARN_INFINITE_RECURSION = YES;
				CLANG_WARN_INT_CONVERSION = YES;
				CLANG_WARN_OBJC_ROOT_CLASS = YES_ERROR;
				CLANG_WARN_SUSPICIOUS_MOVE = YES;
				CLANG_WARN_SUSPICIOUS_MOVES = YES;
				CLANG_WARN_UNREACHABLE_CODE = YES;
				CLANG_WARN__DUPLICATE_METHOD_MATCH = YES;
				"CODE_SIGN_IDENTITY[sdk=iphoneos*]" = "iPhone Developer";
				COPY_PHASE_STRIP = NO;
				DEBUG_INFORMATION_FORMAT = "dwarf-with-dsym";
				ENABLE_NS_ASSERTIONS = NO;
				ENABLE_STRICT_OBJC_MSGSEND = YES;
				GCC_C_LANGUAGE_STANDARD = gnu99;
				GCC_NO_COMMON_BLOCKS = YES;
				GCC_WARN_64_TO_32_BIT_CONVERSION = YES;
				GCC_WARN_ABOUT_RETURN_TYPE = YES_ERROR;
				GCC_WARN_UNDECLARED_SELECTOR = YES;
				GCC_WARN_UNINITIALIZED_AUTOS = YES_AGGRESSIVE;
				GCC_WARN_UNUSED_FUNCTION = YES;
				GCC_WARN_UNUSED_VARIABLE = YES;
				IPHONEOS_DEPLOYMENT_TARGET = 10.0;
				MTL_ENABLE_DEBUG_INFO = NO;
				SDKROOT = iphoneos;
				SWIFT_OPTIMIZATION_LEVEL = "-Owholemodule";
				VALIDATE_PRODUCT = YES;
			};
			name = Release;
		};
		826BE9FD1E8E3C5E00EBD45A /* Debug */ = {
			isa = XCBuildConfiguration;
			baseConfigurationReference = 2CA9FD805F13DC0C7409F9DC /* Pods-ChatApp.debug.xcconfig */;
			buildSettings = {
				ALWAYS_EMBED_SWIFT_STANDARD_LIBRARIES = YES;
				ASSETCATALOG_COMPILER_APPICON_NAME = AppIcon;
				"CODE_SIGN_IDENTITY[sdk=iphoneos*]" = "iPhone Developer";
				DEVELOPMENT_TEAM = HUF2QHK4ME;
				INFOPLIST_FILE = ChatApp/Info.plist;
				LD_RUNPATH_SEARCH_PATHS = "$(inherited) @executable_path/Frameworks";
				LIBRARY_SEARCH_PATHS = (
					"$(inherited)",
					"$(PROJECT_DIR)/ChatApp/XMPP/Vendor/libidn",
				);
				PRODUCT_BUNDLE_IDENTIFIER = Photon.ChatApp;
				PRODUCT_NAME = "$(TARGET_NAME)";
				SWIFT_OBJC_BRIDGING_HEADER = "";
				SWIFT_VERSION = 3.0;
			};
			name = Debug;
		};
		826BE9FE1E8E3C5E00EBD45A /* Release */ = {
			isa = XCBuildConfiguration;
			baseConfigurationReference = 56C73A5659210FB1EE142F38 /* Pods-ChatApp.release.xcconfig */;
			buildSettings = {
				ALWAYS_EMBED_SWIFT_STANDARD_LIBRARIES = YES;
				ASSETCATALOG_COMPILER_APPICON_NAME = AppIcon;
				"CODE_SIGN_IDENTITY[sdk=iphoneos*]" = "iPhone Developer";
				DEVELOPMENT_TEAM = HUF2QHK4ME;
				INFOPLIST_FILE = ChatApp/Info.plist;
				LD_RUNPATH_SEARCH_PATHS = "$(inherited) @executable_path/Frameworks";
				LIBRARY_SEARCH_PATHS = (
					"$(inherited)",
					"$(PROJECT_DIR)/ChatApp/XMPP/Vendor/libidn",
				);
				PRODUCT_BUNDLE_IDENTIFIER = Photon.ChatApp;
				PRODUCT_NAME = "$(TARGET_NAME)";
				SWIFT_OBJC_BRIDGING_HEADER = "";
				SWIFT_VERSION = 3.0;
			};
			name = Release;
		};
		826BEA001E8E3C5E00EBD45A /* Debug */ = {
			isa = XCBuildConfiguration;
			baseConfigurationReference = E0C99B4F71A2D32B7709717D /* Pods-ChatAppTests.debug.xcconfig */;
			buildSettings = {
				ALWAYS_EMBED_SWIFT_STANDARD_LIBRARIES = YES;
				BUNDLE_LOADER = "$(TEST_HOST)";
				DEVELOPMENT_TEAM = HUF2QHK4ME;
				INFOPLIST_FILE = ChatAppTests/Info.plist;
				LD_RUNPATH_SEARCH_PATHS = "$(inherited) @executable_path/Frameworks @loader_path/Frameworks";
				PRODUCT_BUNDLE_IDENTIFIER = Photon.ChatAppTests;
				PRODUCT_NAME = "$(TARGET_NAME)";
				SWIFT_VERSION = 3.0;
				TEST_HOST = "$(BUILT_PRODUCTS_DIR)/ChatApp.app/ChatApp";
			};
			name = Debug;
		};
		826BEA011E8E3C5E00EBD45A /* Release */ = {
			isa = XCBuildConfiguration;
			baseConfigurationReference = CBAD263876C223B73DA30821 /* Pods-ChatAppTests.release.xcconfig */;
			buildSettings = {
				ALWAYS_EMBED_SWIFT_STANDARD_LIBRARIES = YES;
				BUNDLE_LOADER = "$(TEST_HOST)";
				DEVELOPMENT_TEAM = HUF2QHK4ME;
				INFOPLIST_FILE = ChatAppTests/Info.plist;
				LD_RUNPATH_SEARCH_PATHS = "$(inherited) @executable_path/Frameworks @loader_path/Frameworks";
				PRODUCT_BUNDLE_IDENTIFIER = Photon.ChatAppTests;
				PRODUCT_NAME = "$(TARGET_NAME)";
				SWIFT_VERSION = 3.0;
				TEST_HOST = "$(BUILT_PRODUCTS_DIR)/ChatApp.app/ChatApp";
			};
			name = Release;
		};
		826BEA031E8E3C5E00EBD45A /* Debug */ = {
			isa = XCBuildConfiguration;
			baseConfigurationReference = F05AA8404FDDD167CCDC0EBC /* Pods-ChatAppUITests.debug.xcconfig */;
			buildSettings = {
				ALWAYS_EMBED_SWIFT_STANDARD_LIBRARIES = YES;
				DEVELOPMENT_TEAM = HUF2QHK4ME;
				INFOPLIST_FILE = ChatAppUITests/Info.plist;
				LD_RUNPATH_SEARCH_PATHS = "$(inherited) @executable_path/Frameworks @loader_path/Frameworks";
				PRODUCT_BUNDLE_IDENTIFIER = Photon.ChatAppUITests;
				PRODUCT_NAME = "$(TARGET_NAME)";
				SWIFT_VERSION = 3.0;
				TEST_TARGET_NAME = ChatApp;
			};
			name = Debug;
		};
		826BEA041E8E3C5E00EBD45A /* Release */ = {
			isa = XCBuildConfiguration;
			baseConfigurationReference = 9E4D3BFA872E705D742D046C /* Pods-ChatAppUITests.release.xcconfig */;
			buildSettings = {
				ALWAYS_EMBED_SWIFT_STANDARD_LIBRARIES = YES;
				DEVELOPMENT_TEAM = HUF2QHK4ME;
				INFOPLIST_FILE = ChatAppUITests/Info.plist;
				LD_RUNPATH_SEARCH_PATHS = "$(inherited) @executable_path/Frameworks @loader_path/Frameworks";
				PRODUCT_BUNDLE_IDENTIFIER = Photon.ChatAppUITests;
				PRODUCT_NAME = "$(TARGET_NAME)";
				SWIFT_VERSION = 3.0;
				TEST_TARGET_NAME = ChatApp;
			};
			name = Release;
		};
/* End XCBuildConfiguration section */

/* Begin XCConfigurationList section */
		826BE9CF1E8E3C5E00EBD45A /* Build configuration list for PBXProject "ChatApp" */ = {
			isa = XCConfigurationList;
			buildConfigurations = (
				826BE9FA1E8E3C5E00EBD45A /* Debug */,
				826BE9FB1E8E3C5E00EBD45A /* Release */,
			);
			defaultConfigurationIsVisible = 0;
			defaultConfigurationName = Release;
		};
		826BE9FC1E8E3C5E00EBD45A /* Build configuration list for PBXNativeTarget "ChatApp" */ = {
			isa = XCConfigurationList;
			buildConfigurations = (
				826BE9FD1E8E3C5E00EBD45A /* Debug */,
				826BE9FE1E8E3C5E00EBD45A /* Release */,
			);
			defaultConfigurationIsVisible = 0;
			defaultConfigurationName = Release;
		};
		826BE9FF1E8E3C5E00EBD45A /* Build configuration list for PBXNativeTarget "ChatAppTests" */ = {
			isa = XCConfigurationList;
			buildConfigurations = (
				826BEA001E8E3C5E00EBD45A /* Debug */,
				826BEA011E8E3C5E00EBD45A /* Release */,
			);
			defaultConfigurationIsVisible = 0;
			defaultConfigurationName = Release;
		};
		826BEA021E8E3C5E00EBD45A /* Build configuration list for PBXNativeTarget "ChatAppUITests" */ = {
			isa = XCConfigurationList;
			buildConfigurations = (
				826BEA031E8E3C5E00EBD45A /* Debug */,
				826BEA041E8E3C5E00EBD45A /* Release */,
			);
			defaultConfigurationIsVisible = 0;
			defaultConfigurationName = Release;
		};
/* End XCConfigurationList section */
	};
	rootObject = 826BE9CC1E8E3C5E00EBD45A /* Project object */;
}
